
Microsoft Visual Studio Solution File, Format Version 12.00
# Visual Studio 2013
VisualStudioVersion = 12.0.20827.3
MinimumVisualStudioVersion = 10.0.40219.1
Project("{FAE04EC0-301F-11D3-BF4B-00C04F79EFBC}") = "SendWin8AppNotificationWeb", "AppforSharePoint\SendWin8AppNotificationWeb\SendWin8AppNotificationWeb.csproj", "{F3796890-0859-41FE-8F59-C4B814C7EEDA}"
EndProject
Project("{FAE04EC0-301F-11D3-BF4B-00C04F79EFBC}") = "SendWin8AppNotification", "AppforSharePoint\SendWin8AppNotification\SendWin8AppNotification.csproj", "{7F681A21-F824-41F2-BCB1-F280696ECBDC}"
EndProject
Project("{262852C6-CD72-467D-83FE-5EEB1973A190}") = "SP2013.Win8.WNS.Metro", "AppforWin8\SP2013.Win8.WNS.Metro\SP2013.Win8.WNS.Metro.jsproj", "{44EAE53B-DC8D-4ED1-9981-4ADED526A4E1}"
EndProject
Global
	GlobalSection(SolutionConfigurationPlatforms) = preSolution
		Debug|Any CPU = Debug|Any CPU
		Debug|ARM = Debug|ARM
		Debug|x64 = Debug|x64
		Debug|x86 = Debug|x86
		Release|Any CPU = Release|Any CPU
		Release|ARM = Release|ARM
		Release|x64 = Release|x64
		Release|x86 = Release|x86
	EndGlobalSection
	GlobalSection(ProjectConfigurationPlatforms) = postSolution
		{F3796890-0859-41FE-8F59-C4B814C7EEDA}.Debug|Any CPU.ActiveCfg = Debug|Any CPU
		{F3796890-0859-41FE-8F59-C4B814C7EEDA}.Debug|Any CPU.Build.0 = Debug|Any CPU
		{F3796890-0859-41FE-8F59-C4B814C7EEDA}.Debug|ARM.ActiveCfg = Debug|Any CPU
		{F3796890-0859-41FE-8F59-C4B814C7EEDA}.Debug|x64.ActiveCfg = Debug|Any CPU
		{F3796890-0859-41FE-8F59-C4B814C7EEDA}.Debug|x86.ActiveCfg = Debug|Any CPU
		{F3796890-0859-41FE-8F59-C4B814C7EEDA}.Release|Any CPU.ActiveCfg = Release|Any CPU
		{F3796890-0859-41FE-8F59-C4B814C7EEDA}.Release|Any CPU.Build.0 = Release|Any CPU
		{F3796890-0859-41FE-8F59-C4B814C7EEDA}.Release|ARM.ActiveCfg = Release|Any CPU
		{F3796890-0859-41FE-8F59-C4B814C7EEDA}.Release|x64.ActiveCfg = Release|Any CPU
		{F3796890-0859-41FE-8F59-C4B814C7EEDA}.Release|x86.ActiveCfg = Release|Any CPU
		{7F681A21-F824-41F2-BCB1-F280696ECBDC}.Debug|Any CPU.ActiveCfg = Debug|Any CPU
		{7F681A21-F824-41F2-BCB1-F280696ECBDC}.Debug|Any CPU.Build.0 = Debug|Any CPU
		{7F681A21-F824-41F2-BCB1-F280696ECBDC}.Debug|Any CPU.Deploy.0 = Debug|Any CPU
		{7F681A21-F824-41F2-BCB1-F280696ECBDC}.Debug|ARM.ActiveCfg = Debug|Any CPU
		{7F681A21-F824-41F2-BCB1-F280696ECBDC}.Debug|x64.ActiveCfg = Debug|Any CPU
		{7F681A21-F824-41F2-BCB1-F280696ECBDC}.Debug|x86.ActiveCfg = Debug|Any CPU
		{7F681A21-F824-41F2-BCB1-F280696ECBDC}.Release|Any CPU.ActiveCfg = Release|Any CPU
		{7F681A21-F824-41F2-BCB1-F280696ECBDC}.Release|Any CPU.Build.0 = Release|Any CPU
		{7F681A21-F824-41F2-BCB1-F280696ECBDC}.Release|Any CPU.Deploy.0 = Release|Any CPU
		{7F681A21-F824-41F2-BCB1-F280696ECBDC}.Release|ARM.ActiveCfg = Release|Any CPU
		{7F681A21-F824-41F2-BCB1-F280696ECBDC}.Release|x64.ActiveCfg = Release|Any CPU
		{7F681A21-F824-41F2-BCB1-F280696ECBDC}.Release|x86.ActiveCfg = Release|Any CPU
		{44EAE53B-DC8D-4ED1-9981-4ADED526A4E1}.Debug|Any CPU.ActiveCfg = Debug|Any CPU
		{44EAE53B-DC8D-4ED1-9981-4ADED526A4E1}.Debug|Any CPU.Build.0 = Debug|Any CPU
		{44EAE53B-DC8D-4ED1-9981-4ADED526A4E1}.Debug|Any CPU.Deploy.0 = Debug|Any CPU
		{44EAE53B-DC8D-4ED1-9981-4ADED526A4E1}.Debug|ARM.ActiveCfg = Debug|ARM
		{44EAE53B-DC8D-4ED1-9981-4ADED526A4E1}.Debug|ARM.Build.0 = Debug|ARM
		{44EAE53B-DC8D-4ED1-9981-4ADED526A4E1}.Debug|ARM.Deploy.0 = Debug|ARM
		{44EAE53B-DC8D-4ED1-9981-4ADED526A4E1}.Debug|x64.ActiveCfg = Debug|x64
		{44EAE53B-DC8D-4ED1-9981-4ADED526A4E1}.Debug|x64.Build.0 = Debug|x64
		{44EAE53B-DC8D-4ED1-9981-4ADED526A4E1}.Debug|x64.Deploy.0 = Debug|x64
		{44EAE53B-DC8D-4ED1-9981-4ADED526A4E1}.Debug|x86.ActiveCfg = Debug|x86
		{44EAE53B-DC8D-4ED1-9981-4ADED526A4E1}.Debug|x86.Build.0 = Debug|x86
		{44EAE53B-DC8D-4ED1-9981-4ADED526A4E1}.Debug|x86.Deploy.0 = Debug|x86
		{44EAE53B-DC8D-4ED1-9981-4ADED526A4E1}.Release|Any CPU.ActiveCfg = Release|Any CPU
		{44EAE53B-DC8D-4ED1-9981-4ADED526A4E1}.Release|Any CPU.Build.0 = Release|Any CPU
		{44EAE53B-DC8D-4ED1-9981-4ADED526A4E1}.Release|Any CPU.Deploy.0 = Release|Any CPU
		{44EAE53B-DC8D-4ED1-9981-4ADED526A4E1}.Release|ARM.ActiveCfg = Release|ARM
		{44EAE53B-DC8D-4ED1-9981-4ADED526A4E1}.Release|ARM.Build.0 = Release|ARM
		{44EAE53B-DC8D-4ED1-9981-4ADED526A4E1}.Release|ARM.Deploy.0 = Release|ARM
		{44EAE53B-DC8D-4ED1-9981-4ADED526A4E1}.Release|x64.ActiveCfg = Release|x64
		{44EAE53B-DC8D-4ED1-9981-4ADED526A4E1}.Release|x64.Build.0 = Release|x64
		{44EAE53B-DC8D-4ED1-9981-4ADED526A4E1}.Release|x64.Deploy.0 = Release|x64
		{44EAE53B-DC8D-4ED1-9981-4ADED526A4E1}.Release|x86.ActiveCfg = Release|x86
		{44EAE53B-DC8D-4ED1-9981-4ADED526A4E1}.Release|x86.Build.0 = Release|x86
		{44EAE53B-DC8D-4ED1-9981-4ADED526A4E1}.Release|x86.Deploy.0 = Release|x86
	EndGlobalSection
	GlobalSection(SolutionProperties) = preSolution
		HideSolutionNode = FALSE
	EndGlobalSection
EndGlobal
